
Microsoft Visual Studio Solution File, Format Version 12.00
# Visual Studio 15
VisualStudioVersion = 15.0.28307.572
MinimumVisualStudioVersion = 10.0.40219.1
Project("{FAE04EC0-301F-11D3-BF4B-00C04F79EFBC}") = "GlobalizationLocalization", "GlobalizationLocalization\GlobalizationLocalization.csproj", "{191B41E1-B56C-425F-9CD9-9A5C77D02FE2}"
EndProject
Global
	GlobalSection(SolutionConfigurationPlatforms) = preSolution
		Debug|Any CPU = Debug|Any CPU
		Release|Any CPU = Release|Any CPU
	EndGlobalSection
	GlobalSection(ProjectConfigurationPlatforms) = postSolution
		{191B41E1-B56C-425F-9CD9-9A5C77D02FE2}.Debug|Any CPU.ActiveCfg = Debug|Any CPU
		{191B41E1-B56C-425F-9CD9-9A5C77D02FE2}.Debug|Any CPU.Build.0 = Debug|Any CPU
		{191B41E1-B56C-425F-9CD9-9A5C77D02FE2}.Release|Any CPU.ActiveCfg = Release|Any CPU
		{191B41E1-B56C-425F-9CD9-9A5C77D02FE2}.Release|Any CPU.Build.0 = Release|Any CPU
	EndGlobalSection
	GlobalSection(SolutionProperties) = preSolution
		HideSolutionNode = FALSE
	EndGlobalSection
	GlobalSection(ExtensibilityGlobals) = postSolution
		SolutionGuid = {BB9AC57D-27D3-470B-8AF2-C508166E0BC9}
	EndGlobalSection
EndGlobal
